GEM
  remote: http://rubygems.org/
  specs:
    addressable (2.2.4)
    bcrypt-ruby (2.1.4)
    datamapper (1.1.0)
      dm-aggregates (= 1.1.0)
      dm-constraints (= 1.1.0)
      dm-core (= 1.1.0)
      dm-migrations (= 1.1.0)
      dm-serializer (= 1.1.0)
      dm-timestamps (= 1.1.0)
      dm-transactions (= 1.1.0)
      dm-types (= 1.1.0)
      dm-validations (= 1.1.0)
    dm-aggregates (1.1.0)
      dm-core (~> 1.1.0)
    dm-constraints (1.1.0)
      dm-core (~> 1.1.0)
    dm-core (1.1.0)
      addressable (~> 2.2.4)
    dm-migrations (1.1.0)
      dm-core (~> 1.1.0)
    dm-serializer (1.1.0)
      dm-core (~> 1.1.0)
      fastercsv (~> 1.5.4)
      json (~> 1.4.6)
    dm-timestamps (1.1.0)
      dm-core (~> 1.1.0)
    dm-transactions (1.1.0)
      dm-core (~> 1.1.0)
    dm-types (1.1.0)
      bcrypt-ruby (~> 2.1.4)
      dm-core (~> 1.1.0)
      fastercsv (~> 1.5.4)
      json (~> 1.4.6)
      stringex (~> 1.2.0)
      uuidtools (~> 2.1.2)
    dm-validations (1.1.0)
      dm-core (~> 1.1.0)
    fastercsv (1.5.4)
    json (1.4.6)
    rack (1.2.2)
    rack-flash (0.1.1)
      rack
    sinatra (1.2.1)
      rack (~> 1.1)
      tilt (< 2.0, >= 1.2.2)
    stringex (1.2.1)
    tilt (1.2.2)
    uuidtools (2.1.2)

PLATFORMS
  ruby

DEPENDENCIES
  datamapper
  rack-flash
  sinatra
